
Microsoft Visual Studio Solution File, Format Version 12.00
# Visual Studio Version 16
VisualStudioVersion = 16.0.30011.22
MinimumVisualStudioVersion = 10.0.40219.1
Project("{9A19103F-16F7-4668-BE54-9A1E7A4F7556}") = "TyCase", "TyCase\TyCase.csproj", "{F5C6B30F-AF64-487F-BC97-8876790391D6}"
EndProject
Project("{FAE04EC0-301F-11D3-BF4B-00C04F79EFBC}") = "TyCase.Core", "TyCase.Core\TyCase.Core.csproj", "{D75D268E-90DA-48CA-BB98-0E94A733158E}"
EndProject
Project("{9A19103F-16F7-4668-BE54-9A1E7A4F7556}") = "TyCase.Implementation", "TyCase.Implementation\TyCase.Implementation.csproj", "{1D733E53-A1DE-4259-85C3-9B85BFA32DCD}"
EndProject
Project("{FAE04EC0-301F-11D3-BF4B-00C04F79EFBC}") = "TyCase.Service", "TyCase.Service\TyCase.Service.csproj", "{10751D9C-C705-41A4-97AD-570FD3BFD604}"
EndProject
Project("{FAE04EC0-301F-11D3-BF4B-00C04F79EFBC}") = "TyCase.Model", "TyCase.Model\TyCase.Model.csproj", "{DE5DF30E-CBCC-4171-BA65-C570A7C2C85D}"
EndProject
Global
	GlobalSection(SolutionConfigurationPlatforms) = preSolution
		Debug|Any CPU = Debug|Any CPU
		Release|Any CPU = Release|Any CPU
	EndGlobalSection
	GlobalSection(ProjectConfigurationPlatforms) = postSolution
		{F5C6B30F-AF64-487F-BC97-8876790391D6}.Debug|Any CPU.ActiveCfg = Debug|Any CPU
		{F5C6B30F-AF64-487F-BC97-8876790391D6}.Debug|Any CPU.Build.0 = Debug|Any CPU
		{F5C6B30F-AF64-487F-BC97-8876790391D6}.Release|Any CPU.ActiveCfg = Release|Any CPU
		{F5C6B30F-AF64-487F-BC97-8876790391D6}.Release|Any CPU.Build.0 = Release|Any CPU
		{D75D268E-90DA-48CA-BB98-0E94A733158E}.Debug|Any CPU.ActiveCfg = Debug|Any CPU
		{D75D268E-90DA-48CA-BB98-0E94A733158E}.Debug|Any CPU.Build.0 = Debug|Any CPU
		{D75D268E-90DA-48CA-BB98-0E94A733158E}.Release|Any CPU.ActiveCfg = Release|Any CPU
		{D75D268E-90DA-48CA-BB98-0E94A733158E}.Release|Any CPU.Build.0 = Release|Any CPU
		{1D733E53-A1DE-4259-85C3-9B85BFA32DCD}.Debug|Any CPU.ActiveCfg = Debug|Any CPU
		{1D733E53-A1DE-4259-85C3-9B85BFA32DCD}.Debug|Any CPU.Build.0 = Debug|Any CPU
		{1D733E53-A1DE-4259-85C3-9B85BFA32DCD}.Release|Any CPU.ActiveCfg = Release|Any CPU
		{1D733E53-A1DE-4259-85C3-9B85BFA32DCD}.Release|Any CPU.Build.0 = Release|Any CPU
		{10751D9C-C705-41A4-97AD-570FD3BFD604}.Debug|Any CPU.ActiveCfg = Debug|Any CPU
		{10751D9C-C705-41A4-97AD-570FD3BFD604}.Debug|Any CPU.Build.0 = Debug|Any CPU
		{10751D9C-C705-41A4-97AD-570FD3BFD604}.Release|Any CPU.ActiveCfg = Release|Any CPU
		{10751D9C-C705-41A4-97AD-570FD3BFD604}.Release|Any CPU.Build.0 = Release|Any CPU
		{DE5DF30E-CBCC-4171-BA65-C570A7C2C85D}.Debug|Any CPU.ActiveCfg = Debug|Any CPU
		{DE5DF30E-CBCC-4171-BA65-C570A7C2C85D}.Debug|Any CPU.Build.0 = Debug|Any CPU
		{DE5DF30E-CBCC-4171-BA65-C570A7C2C85D}.Release|Any CPU.ActiveCfg = Release|Any CPU
		{DE5DF30E-CBCC-4171-BA65-C570A7C2C85D}.Release|Any CPU.Build.0 = Release|Any CPU
	EndGlobalSection
	GlobalSection(SolutionProperties) = preSolution
		HideSolutionNode = FALSE
	EndGlobalSection
	GlobalSection(ExtensibilityGlobals) = postSolution
		SolutionGuid = {C17DF5C8-8948-445A-BD10-8448BC8963BF}
	EndGlobalSection
EndGlobal
